
Microsoft Visual Studio Solution File, Format Version 12.00
# Visual Studio Version 16
VisualStudioVersion = 16.0.29911.84
MinimumVisualStudioVersion = 10.0.40219.1
Project("{9A19103F-16F7-4668-BE54-9A1E7A4F7556}") = "PugetSound", "PugetSound\PugetSound.csproj", "{294DD06A-896F-4E69-A595-A17F5CAED5B9}"
EndProject
Global
	GlobalSection(SolutionConfigurationPlatforms) = preSolution
		Debug|Any CPU = Debug|Any CPU
		Release|Any CPU = Release|Any CPU
	EndGlobalSection
	GlobalSection(ProjectConfigurationPlatforms) = postSolution
		{294DD06A-896F-4E69-A595-A17F5CAED5B9}.Debug|Any CPU.ActiveCfg = Debug|Any CPU
		{294DD06A-896F-4E69-A595-A17F5CAED5B9}.Debug|Any CPU.Build.0 = Debug|Any CPU
		{294DD06A-896F-4E69-A595-A17F5CAED5B9}.Release|Any CPU.ActiveCfg = Release|Any CPU
		{294DD06A-896F-4E69-A595-A17F5CAED5B9}.Release|Any CPU.Build.0 = Release|Any CPU
	EndGlobalSection
	GlobalSection(SolutionProperties) = preSolution
		HideSolutionNode = FALSE
	EndGlobalSection
	GlobalSection(ExtensibilityGlobals) = postSolution
		SolutionGuid = {425DB728-32DE-4307-B1B5-15509C3E9781}
	EndGlobalSection
EndGlobal
